<?xml version="1.0" encoding="utf-8"?>
<Project ToolsVersion="4.0" xmlns="http://schemas.microsoft.com/developer/msbuild/2003">
  <ItemGroup>
    <Filter Include="Inc">
      <UniqueIdentifier>{dbded4e6-a3b2-4cb9-80ae-b878eb5b8c34}</UniqueIdentifier>
    </Filter>
    <Filter Include="Src">
      <UniqueIdentifier>{084e0e90-10c6-42c1-aee7-e30da2caa5fd}</UniqueIdentifier>
    </Filter>
  </ItemGroup>
  <ItemGroup>
    <ClInclude Include="Inc\Common.h">
      <Filter>Inc</Filter>
    </ClInclude>
    <ClInclude Include="Inc\Graphics.h">
      <Filter>Inc</Filter>
    </ClInclude>
    <ClInclude Include="Inc\Precompiled.h">
      <Filter>Src</Filter>
    </ClInclude>
    <ClInclude Include="Inc\Colors.h">
      <Filter>Inc</Filter>
    </ClInclude>
    <ClInclude Include="Inc\GraphicsSystem.h">
      <Filter>Inc</Filter>
    </ClInclude>
    <ClInclude Include="Inc\VertexShader.h">
      <Filter>Inc</Filter>
    </ClInclude>
    <ClInclude Include="Inc\MeshBuffer.h">
      <Filter>Inc</Filter>
    </ClInclude>
    <ClInclude Include="Inc\PixelShader.h">
      <Filter>Inc</Filter>
    </ClInclude>
    <ClInclude Include="Inc\Camera.h">
      <Filter>Inc</Filter>
    </ClInclude>
    <ClInclude Include="Inc\ConstantBuffer.h">
      <Filter>Inc</Filter>
    </ClInclude>
    <ClInclude Include="Inc\VertexTypes.h">
      <Filter>Inc</Filter>
    </ClInclude>
    <ClInclude Include="Inc\MeshTypes.h">
      <Filter>Inc</Filter>
    </ClInclude>
    <ClInclude Include="Inc\MeshBuilder.h">
      <Filter>Inc</Filter>
    </ClInclude>
    <ClInclude Include="Inc\TextureManager.h">
      <Filter>Inc</Filter>
    </ClInclude>
    <ClInclude Include="Inc\Texture.h">
      <Filter>Inc</Filter>
    </ClInclude>
    <ClInclude Include="Inc\BlendState.h">
      <Filter>Inc</Filter>
    </ClInclude>
    <ClInclude Include="Inc\DebugUI.h">
      <Filter>Inc</Filter>
    </ClInclude>
    <ClInclude Include="Inc\SimpleDraw.h">
      <Filter>Inc</Filter>
    </ClInclude>
    <ClInclude Include="Inc\Sampler.h">
      <Filter>Inc</Filter>
    </ClInclude>
    <ClInclude Include="Inc\LightType.h">
      <Filter>Inc</Filter>
    </ClInclude>
    <ClInclude Include="Inc\RenderObject.h">
      <Filter>Inc</Filter>
    </ClInclude>
    <ClInclude Include="Inc\Transform.h">
      <Filter>Inc</Filter>
    </ClInclude>
    <ClInclude Include="Inc\StandardEffect.h">
      <Filter>Inc</Filter>
    </ClInclude>
    <ClInclude Include="Inc\Model.h">
      <Filter>Inc</Filter>
    </ClInclude>
    <ClInclude Include="Inc\Material.h">
      <Filter>Inc</Filter>
    </ClInclude>
    <ClInclude Include="Inc\ModelIO.h">
      <Filter>Inc</Filter>
    </ClInclude>
    <ClInclude Include="Inc\RenderTarget.h">
      <Filter>Inc</Filter>
    </ClInclude>
    <ClInclude Include="Inc\PostProccessingEffect.h">
      <Filter>Inc</Filter>
    </ClInclude>
    <ClInclude Include="Inc\ShadowEffect.h">
      <Filter>Inc</Filter>
    </ClInclude>
    <ClInclude Include="Inc\ImprovedStandardEffect.h">
      <Filter>Inc</Filter>
    </ClInclude>
    <ClInclude Include="Inc\ToonEffect.h">
      <Filter>Inc</Filter>
    </ClInclude>
    <ClInclude Include="Inc\Keyframe.h" />
    <ClInclude Include="Inc\Animation.h" />
    <ClInclude Include="Inc\AnimationBuilder.h" />
    <ClInclude Include="Inc\Bone.h" />
    <ClInclude Include="Inc\Skeleton.h" />
    <ClInclude Include="Inc\AnimationUtil.h" />
    <ClInclude Include="Inc\ModelManager.h" />
    <ClInclude Include="Inc\AnimationClip.h" />
    <ClInclude Include="Inc\Animator.h" />
    <ClInclude Include="Inc\SimpleEffect.h">
      <Filter>Inc</Filter>
    </ClInclude>
  </ItemGroup>
  <ItemGroup>
    <ClCompile Include="Inc\Precompiled.cpp">
      <Filter>Src</Filter>
    </ClCompile>
    <ClCompile Include="Src\GraphicsSystem.cpp">
      <Filter>Src</Filter>
    </ClCompile>
    <ClCompile Include="Src\VertexShader.cpp">
      <Filter>Src</Filter>
    </ClCompile>
    <ClCompile Include="Src\MeshBuffer.cpp">
      <Filter>Src</Filter>
    </ClCompile>
    <ClCompile Include="Src\Camera.cpp">
      <Filter>Src</Filter>
    </ClCompile>
    <ClCompile Include="Src\ConstantBuffer.cpp">
      <Filter>Src</Filter>
    </ClCompile>
    <ClCompile Include="Src\PixelShader.cpp">
      <Filter>Src</Filter>
    </ClCompile>
    <ClCompile Include="Src\MeshBuilder.cpp">
      <Filter>Src</Filter>
    </ClCompile>
    <ClCompile Include="Src\TextureManager.cpp">
      <Filter>Src</Filter>
    </ClCompile>
    <ClCompile Include="Src\Texture.cpp">
      <Filter>Src</Filter>
    </ClCompile>
    <ClCompile Include="Src\DebugUI.cpp">
      <Filter>Src</Filter>
    </ClCompile>
    <ClCompile Include="Src\BlendState.cpp">
      <Filter>Src</Filter>
    </ClCompile>
    <ClCompile Include="Src\SimpleDraw.cpp">
      <Filter>Src</Filter>
    </ClCompile>
    <ClCompile Include="Src\Sampler.cpp">
      <Filter>Src</Filter>
    </ClCompile>
    <ClCompile Include="Src\RenderObject.cpp">
      <Filter>Src</Filter>
    </ClCompile>
    <ClCompile Include="Src\StandardEffect.cpp">
      <Filter>Src</Filter>
    </ClCompile>
    <ClCompile Include="Src\ModelIO.cpp">
      <Filter>Src</Filter>
    </ClCompile>
    <ClCompile Include="Src\RenderTarget.cpp">
      <Filter>Src</Filter>
    </ClCompile>
    <ClCompile Include="Src\PostProccessingEffect.cpp">
      <Filter>Src</Filter>
    </ClCompile>
    <ClCompile Include="Src\ShadowEffect.cpp">
      <Filter>Src</Filter>
    </ClCompile>
    <ClCompile Include="Src\ImprovedStandardEffect.cpp">
      <Filter>Src</Filter>
    </ClCompile>
    <ClCompile Include="Src\ToonEffect.cpp">
      <Filter>Src</Filter>
    </ClCompile>
    <ClCompile Include="Src\Animation.cpp" />
    <ClCompile Include="Src\AnimationBuilder.cpp" />
    <ClCompile Include="Src\AnimationUtil.cpp" />
    <ClCompile Include="Src\ModelManager.cpp" />
    <ClCompile Include="Src\Animator.cpp" />
    <ClCompile Include="Src\SimpleEffect.cpp">
      <Filter>Src</Filter>
    </ClCompile>
  </ItemGroup>
</Project>